// !$*UTF8*$!
{
	archiveVersion = 1;
	classes = {
	};
	objectVersion = 77;
	objects = {

/* Begin PBXBuildFile section */
		B97752CC2CFBC4F000D0B647 /* SnapKit in Frameworks */ = {isa = PBXBuildFile; productRef = B97752CB2CFBC4F000D0B647 /* SnapKit */; };
		B97752CF2CFBC50200D0B647 /* Swinject in Frameworks */ = {isa = PBXBuildFile; productRef = B97752CE2CFBC50200D0B647 /* Swinject */; };
		B97752D22CFBC51100D0B647 /* Kingfisher in Frameworks */ = {isa = PBXBuildFile; productRef = B97752D12CFBC51100D0B647 /* Kingfisher */; };
		B97752D82CFBC55E00D0B647 /* Realm in Frameworks */ = {isa = PBXBuildFile; productRef = B97752D72CFBC55E00D0B647 /* Realm */; };
/* End PBXBuildFile section */

/* Begin PBXContainerItemProxy section */
		B97752AB2CFBC3C200D0B647 /* PBXContainerItemProxy */ = {
			isa = PBXContainerItemProxy;
			containerPortal = B977528C2CFBC3C100D0B647 /* Project object */;
			proxyType = 1;
			remoteGlobalIDString = B97752932CFBC3C100D0B647;
			remoteInfo = ContactSafesApp;
		};
		B97752B52CFBC3C200D0B647 /* PBXContainerItemProxy */ = {
			isa = PBXContainerItemProxy;
			containerPortal = B977528C2CFBC3C100D0B647 /* Project object */;
			proxyType = 1;
			remoteGlobalIDString = B97752932CFBC3C100D0B647;
			remoteInfo = ContactSafesApp;
		};
/* End PBXContainerItemProxy section */

/* Begin PBXFileReference section */
		B97752942CFBC3C100D0B647 /* ContactSafesApp.app */ = {isa = PBXFileReference; explicitFileType = wrapper.application; includeInIndex = 0; path = ContactSafesApp.app; sourceTree = BUILT_PRODUCTS_DIR; };
		B97752AA2CFBC3C200D0B647 /* ContactSafesAppTests.xctest */ = {isa = PBXFileReference; explicitFileType = wrapper.cfbundle; includeInIndex = 0; path = ContactSafesAppTests.xctest; sourceTree = BUILT_PRODUCTS_DIR; };
		B97752B42CFBC3C200D0B647 /* ContactSafesAppUITests.xctest */ = {isa = PBXFileReference; explicitFileType = wrapper.cfbundle; includeInIndex = 0; path = ContactSafesAppUITests.xctest; sourceTree = BUILT_PRODUCTS_DIR; };
/* End PBXFileReference section */

/* Begin PBXFileSystemSynchronizedBuildFileExceptionSet section */
		B97752BC2CFBC3C200D0B647 /* Exceptions for "ContactSafesApp" folder in "ContactSafesApp" target */ = {
			isa = PBXFileSystemSynchronizedBuildFileExceptionSet;
			membershipExceptions = (
				Resources/Info.plist,
			);
			target = B97752932CFBC3C100D0B647 /* ContactSafesApp */;
		};
/* End PBXFileSystemSynchronizedBuildFileExceptionSet section */

/* Begin PBXFileSystemSynchronizedRootGroup section */
		B97752962CFBC3C100D0B647 /* ContactSafesApp */ = {
			isa = PBXFileSystemSynchronizedRootGroup;
			exceptions = (
				B97752BC2CFBC3C200D0B647 /* Exceptions for "ContactSafesApp" folder in "ContactSafesApp" target */,
			);
			path = ContactSafesApp;
			sourceTree = "<group>";
		};
		B97752AD2CFBC3C200D0B647 /* ContactSafesAppTests */ = {
			isa = PBXFileSystemSynchronizedRootGroup;
			path = ContactSafesAppTests;
			sourceTree = "<group>";
		};
		B97752B72CFBC3C200D0B647 /* ContactSafesAppUITests */ = {
			isa = PBXFileSystemSynchronizedRootGroup;
			path = ContactSafesAppUITests;
			sourceTree = "<group>";
		};
/* End PBXFileSystemSynchronizedRootGroup section */

/* Begin PBXFrameworksBuildPhase section */
		B97752912CFBC3C100D0B647 /* Frameworks */ = {
			isa = PBXFrameworksBuildPhase;
			buildActionMask = 2147483647;
			files = (
				B97752D22CFBC51100D0B647 /* Kingfisher in Frameworks */,
				B97752CC2CFBC4F000D0B647 /* SnapKit in Frameworks */,
				B97752CF2CFBC50200D0B647 /* Swinject in Frameworks */,
				B97752D82CFBC55E00D0B647 /* Realm in Frameworks */,
			);
			runOnlyForDeploymentPostprocessing = 0;
		};
		B97752A72CFBC3C200D0B647 /* Frameworks */ = {
			isa = PBXFrameworksBuildPhase;
			buildActionMask = 2147483647;
			files = (
			);
			runOnlyForDeploymentPostprocessing = 0;
		};
		B97752B12CFBC3C200D0B647 /* Frameworks */ = {
			isa = PBXFrameworksBuildPhase;
			buildActionMask = 2147483647;
			files = (
			);
			runOnlyForDeploymentPostprocessing = 0;
		};
/* End PBXFrameworksBuildPhase section */

/* Begin PBXGroup section */
		B977528B2CFBC3C100D0B647 = {
			isa = PBXGroup;
			children = (
				B97752962CFBC3C100D0B647 /* ContactSafesApp */,
				B97752AD2CFBC3C200D0B647 /* ContactSafesAppTests */,
				B97752B72CFBC3C200D0B647 /* ContactSafesAppUITests */,
				B97752952CFBC3C100D0B647 /* Products */,
			);
			sourceTree = "<group>";
		};
		B97752952CFBC3C100D0B647 /* Products */ = {
			isa = PBXGroup;
			children = (
				B97752942CFBC3C100D0B647 /* ContactSafesApp.app */,
				B97752AA2CFBC3C200D0B647 /* ContactSafesAppTests.xctest */,
				B97752B42CFBC3C200D0B647 /* ContactSafesAppUITests.xctest */,
			);
			name = Products;
			sourceTree = "<group>";
		};
/* End PBXGroup section */

/* Begin PBXNativeTarget section */
		B97752932CFBC3C100D0B647 /* ContactSafesApp */ = {
			isa = PBXNativeTarget;
			buildConfigurationList = B97752BD2CFBC3C200D0B647 /* Build configuration list for PBXNativeTarget "ContactSafesApp" */;
			buildPhases = (
				B97752902CFBC3C100D0B647 /* Sources */,
				B97752912CFBC3C100D0B647 /* Frameworks */,
				B97752922CFBC3C100D0B647 /* Resources */,
				B97752DB2CFBC5A000D0B647 /* SwiftLint */,
			);
			buildRules = (
			);
			dependencies = (
			);
			fileSystemSynchronizedGroups = (
				B97752962CFBC3C100D0B647 /* ContactSafesApp */,
			);
			name = ContactSafesApp;
			packageProductDependencies = (
				B97752CB2CFBC4F000D0B647 /* SnapKit */,
				B97752CE2CFBC50200D0B647 /* Swinject */,
				B97752D12CFBC51100D0B647 /* Kingfisher */,
				B97752D72CFBC55E00D0B647 /* Realm */,
			);
			productName = ContactSafesApp;
			productReference = B97752942CFBC3C100D0B647 /* ContactSafesApp.app */;
			productType = "com.apple.product-type.application";
		};
		B97752A92CFBC3C200D0B647 /* ContactSafesAppTests */ = {
			isa = PBXNativeTarget;
			buildConfigurationList = B97752C22CFBC3C200D0B647 /* Build configuration list for PBXNativeTarget "ContactSafesAppTests" */;
			buildPhases = (
				B97752A62CFBC3C200D0B647 /* Sources */,
				B97752A72CFBC3C200D0B647 /* Frameworks */,
				B97752A82CFBC3C200D0B647 /* Resources */,
			);
			buildRules = (
			);
			dependencies = (
				B97752AC2CFBC3C200D0B647 /* PBXTargetDependency */,
			);
			fileSystemSynchronizedGroups = (
				B97752AD2CFBC3C200D0B647 /* ContactSafesAppTests */,
			);
			name = ContactSafesAppTests;
			packageProductDependencies = (
			);
			productName = ContactSafesAppTests;
			productReference = B97752AA2CFBC3C200D0B647 /* ContactSafesAppTests.xctest */;
			productType = "com.apple.product-type.bundle.unit-test";
		};
		B97752B32CFBC3C200D0B647 /* ContactSafesAppUITests */ = {
			isa = PBXNativeTarget;
			buildConfigurationList = B97752C52CFBC3C200D0B647 /* Build configuration list for PBXNativeTarget "ContactSafesAppUITests" */;
			buildPhases = (
				B97752B02CFBC3C200D0B647 /* Sources */,
				B97752B12CFBC3C200D0B647 /* Frameworks */,
				B97752B22CFBC3C200D0B647 /* Resources */,
			);
			buildRules = (
			);
			dependencies = (
				B97752B62CFBC3C200D0B647 /* PBXTargetDependency */,
			);
			fileSystemSynchronizedGroups = (
				B97752B72CFBC3C200D0B647 /* ContactSafesAppUITests */,
			);
			name = ContactSafesAppUITests;
			packageProductDependencies = (
			);
			productName = ContactSafesAppUITests;
			productReference = B97752B42CFBC3C200D0B647 /* ContactSafesAppUITests.xctest */;
			productType = "com.apple.product-type.bundle.ui-testing";
		};
/* End PBXNativeTarget section */

/* Begin PBXProject section */
		B977528C2CFBC3C100D0B647 /* Project object */ = {
			isa = PBXProject;
			attributes = {
				BuildIndependentTargetsInParallel = 1;
				LastSwiftUpdateCheck = 1600;
				LastUpgradeCheck = 1600;
				TargetAttributes = {
					B97752932CFBC3C100D0B647 = {
						CreatedOnToolsVersion = 16.0;
					};
					B97752A92CFBC3C200D0B647 = {
						CreatedOnToolsVersion = 16.0;
						TestTargetID = B97752932CFBC3C100D0B647;
					};
					B97752B32CFBC3C200D0B647 = {
						CreatedOnToolsVersion = 16.0;
						TestTargetID = B97752932CFBC3C100D0B647;
					};
				};
			};
			buildConfigurationList = B977528F2CFBC3C100D0B647 /* Build configuration list for PBXProject "ContactSafesApp" */;
			developmentRegion = en;
			hasScannedForEncodings = 0;
			knownRegions = (
				en,
				Base,
			);
			mainGroup = B977528B2CFBC3C100D0B647;
			minimizedProjectReferenceProxies = 1;
			packageReferences = (
				B97752CA2CFBC4F000D0B647 /* XCRemoteSwiftPackageReference "SnapKit" */,
				B97752CD2CFBC50200D0B647 /* XCRemoteSwiftPackageReference "Swinject" */,
				B97752D02CFBC51100D0B647 /* XCRemoteSwiftPackageReference "Kingfisher" */,
				B97752D32CFBC52B00D0B647 /* XCRemoteSwiftPackageReference "SwiftLint" */,
				B97752D62CFBC55E00D0B647 /* XCRemoteSwiftPackageReference "realm-swift" */,
			);
			preferredProjectObjectVersion = 77;
			productRefGroup = B97752952CFBC3C100D0B647 /* Products */;
			projectDirPath = "";
			projectRoot = "";
			targets = (
				B97752932CFBC3C100D0B647 /* ContactSafesApp */,
				B97752A92CFBC3C200D0B647 /* ContactSafesAppTests */,
				B97752B32CFBC3C200D0B647 /* ContactSafesAppUITests */,
			);
		};
/* End PBXProject section */

/* Begin PBXResourcesBuildPhase section */
		B97752922CFBC3C100D0B647 /* Resources */ = {
			isa = PBXResourcesBuildPhase;
			buildActionMask = 2147483647;
			files = (
			);
			runOnlyForDeploymentPostprocessing = 0;
		};
		B97752A82CFBC3C200D0B647 /* Resources */ = {
			isa = PBXResourcesBuildPhase;
			buildActionMask = 2147483647;
			files = (
			);
			runOnlyForDeploymentPostprocessing = 0;
		};
		B97752B22CFBC3C200D0B647 /* Resources */ = {
			isa = PBXResourcesBuildPhase;
			buildActionMask = 2147483647;
			files = (
			);
			runOnlyForDeploymentPostprocessing = 0;
		};
/* End PBXResourcesBuildPhase section */

/* Begin PBXShellScriptBuildPhase section */
		B97752DB2CFBC5A000D0B647 /* SwiftLint */ = {
			isa = PBXShellScriptBuildPhase;
			buildActionMask = 2147483647;
			files = (
			);
			inputFileListPaths = (
			);
			inputPaths = (
			);
			name = SwiftLint;
			outputFileListPaths = (
			);
			outputPaths = (
			);
			runOnlyForDeploymentPostprocessing = 0;
			shellPath = /bin/sh;
			shellScript = "export PATH=\"$PATH:/opt/homebrew/bin\"\n\nif which swiftlint > /dev/null; then\n    swiftlint\nelse\n    echo \"warning: SwiftLint is not installed, download from https://github.com/realm/SwiftLint\"\nfi\n";
		};
/* End PBXShellScriptBuildPhase section */

/* Begin PBXSourcesBuildPhase section */
		B97752902CFBC3C100D0B647 /* Sources */ = {
			isa = PBXSourcesBuildPhase;
			buildActionMask = 2147483647;
			files = (
			);
			runOnlyForDeploymentPostprocessing = 0;
		};
		B97752A62CFBC3C200D0B647 /* Sources */ = {
			isa = PBXSourcesBuildPhase;
			buildActionMask = 2147483647;
			files = (
			);
			runOnlyForDeploymentPostprocessing = 0;
		};
		B97752B02CFBC3C200D0B647 /* Sources */ = {
			isa = PBXSourcesBuildPhase;
			buildActionMask = 2147483647;
			files = (
			);
			runOnlyForDeploymentPostprocessing = 0;
		};
/* End PBXSourcesBuildPhase section */

/* Begin PBXTargetDependency section */
		B97752AC2CFBC3C200D0B647 /* PBXTargetDependency */ = {
			isa = PBXTargetDependency;
			target = B97752932CFBC3C100D0B647 /* ContactSafesApp */;
			targetProxy = B97752AB2CFBC3C200D0B647 /* PBXContainerItemProxy */;
		};
		B97752B62CFBC3C200D0B647 /* PBXTargetDependency */ = {
			isa = PBXTargetDependency;
			target = B97752932CFBC3C100D0B647 /* ContactSafesApp */;
			targetProxy = B97752B52CFBC3C200D0B647 /* PBXContainerItemProxy */;
		};
/* End PBXTargetDependency section */

/* Begin XCBuildConfiguration section */
		B97752BE2CFBC3C200D0B647 /* Debug */ = {
			isa = XCBuildConfiguration;
			buildSettings = {
				ASSETCATALOG_COMPILER_APPICON_NAME = AppIcon;
				ASSETCATALOG_COMPILER_GLOBAL_ACCENT_COLOR_NAME = AccentColor;
				CODE_SIGN_STYLE = Automatic;
				CURRENT_PROJECT_VERSION = 1;
				DEVELOPMENT_TEAM = 9U6357QFYJ;
				GENERATE_INFOPLIST_FILE = YES;
				INFOPLIST_FILE = ContactSafesApp/Resources/Info.plist;
				INFOPLIST_KEY_UIApplicationSupportsIndirectInputEvents = YES;
				INFOPLIST_KEY_UILaunchStoryboardName = LaunchScreen;
				INFOPLIST_KEY_UISupportedInterfaceOrientations_iPad = "UIInterfaceOrientationPortrait UIInterfaceOrientationPortraitUpsideDown UIInterfaceOrientationLandscapeLeft UIInterfaceOrientationLandscapeRight";
				INFOPLIST_KEY_UISupportedInterfaceOrientations_iPhone = "UIInterfaceOrientationPortrait UIInterfaceOrientationLandscapeLeft UIInterfaceOrientationLandscapeRight";
				LD_RUNPATH_SEARCH_PATHS = (
					"$(inherited)",
					"@executable_path/Frameworks",
				);
				MARKETING_VERSION = 1.0;
				PRODUCT_BUNDLE_IDENTIFIER = com.metehanbelli.ContactSafesApp;
				PRODUCT_NAME = "$(TARGET_NAME)";
				SWIFT_EMIT_LOC_STRINGS = YES;
				SWIFT_VERSION = 5.0;
				TARGETED_DEVICE_FAMILY = "1,2";
			};
			name = Debug;
		};
		B97752BF2CFBC3C200D0B647 /* Release */ = {
			isa = XCBuildConfiguration;
			buildSettings = {
				ASSETCATALOG_COMPILER_APPICON_NAME = AppIcon;
				ASSETCATALOG_COMPILER_GLOBAL_ACCENT_COLOR_NAME = AccentColor;
				CODE_SIGN_STYLE = Automatic;
				CURRENT_PROJECT_VERSION = 1;
				DEVELOPMENT_TEAM = 9U6357QFYJ;
				GENERATE_INFOPLIST_FILE = YES;
				INFOPLIST_FILE = ContactSafesApp/Resources/Info.plist;
				INFOPLIST_KEY_UIApplicationSupportsIndirectInputEvents = YES;
				INFOPLIST_KEY_UILaunchStoryboardName = LaunchScreen;
				INFOPLIST_KEY_UISupportedInterfaceOrientations_iPad = "UIInterfaceOrientationPortrait UIInterfaceOrientationPortraitUpsideDown UIInterfaceOrientationLandscapeLeft UIInterfaceOrientationLandscapeRight";
				INFOPLIST_KEY_UISupportedInterfaceOrientations_iPhone = "UIInterfaceOrientationPortrait UIInterfaceOrientationLandscapeLeft UIInterfaceOrientationLandscapeRight";
				LD_RUNPATH_SEARCH_PATHS = (
					"$(inherited)",
					"@executable_path/Frameworks",
				);
				MARKETING_VERSION = 1.0;
				PRODUCT_BUNDLE_IDENTIFIER = com.metehanbelli.ContactSafesApp;
				PRODUCT_NAME = "$(TARGET_NAME)";
				SWIFT_EMIT_LOC_STRINGS = YES;
				SWIFT_VERSION = 5.0;
				TARGETED_DEVICE_FAMILY = "1,2";
			};
			name = Release;
		};
		B97752C02CFBC3C200D0B647 /* Debug */ = {
			isa = XCBuildConfiguration;
			buildSettings = {
				ALWAYS_SEARCH_USER_PATHS = NO;
				ASSETCATALOG_COMPILER_GENERATE_SWIFT_ASSET_SYMBOL_EXTENSIONS = YES;
				CLANG_ANALYZER_NONNULL = YES;
				CLANG_ANALYZER_NUMBER_OBJECT_CONVERSION = YES_AGGRESSIVE;
				CLANG_CXX_LANGUAGE_STANDARD = "gnu++20";
				CLANG_ENABLE_MODULES = YES;
				CLANG_ENABLE_OBJC_ARC = YES;
				CLANG_ENABLE_OBJC_WEAK = YES;
				CLANG_WARN_BLOCK_CAPTURE_AUTORELEASING = YES;
				CLANG_WARN_BOOL_CONVERSION = YES;
				CLANG_WARN_COMMA = YES;
				CLANG_WARN_CONSTANT_CONVERSION = YES;
				CLANG_WARN_DEPRECATED_OBJC_IMPLEMENTATIONS = YES;
				CLANG_WARN_DIRECT_OBJC_ISA_USAGE = YES_ERROR;
				CLANG_WARN_DOCUMENTATION_COMMENTS = YES;
				CLANG_WARN_EMPTY_BODY = YES;
				CLANG_WARN_ENUM_CONVERSION = YES;
				CLANG_WARN_INFINITE_RECURSION = YES;
				CLANG_WARN_INT_CONVERSION = YES;
				CLANG_WARN_NON_LITERAL_NULL_CONVERSION = YES;
				CLANG_WARN_OBJC_IMPLICIT_RETAIN_SELF = YES;
				CLANG_WARN_OBJC_LITERAL_CONVERSION = YES;
				CLANG_WARN_OBJC_ROOT_CLASS = YES_ERROR;
				CLANG_WARN_QUOTED_INCLUDE_IN_FRAMEWORK_HEADER = YES;
				CLANG_WARN_RANGE_LOOP_ANALYSIS = YES;
				CLANG_WARN_STRICT_PROTOTYPES = YES;
				CLANG_WARN_SUSPICIOUS_MOVE = YES;
				CLANG_WARN_UNGUARDED_AVAILABILITY = YES_AGGRESSIVE;
				CLANG_WARN_UNREACHABLE_CODE = YES;
				CLANG_WARN__DUPLICATE_METHOD_MATCH = YES;
				COPY_PHASE_STRIP = NO;
				DEBUG_INFORMATION_FORMAT = dwarf;
				ENABLE_STRICT_OBJC_MSGSEND = YES;
				ENABLE_TESTABILITY = YES;
				ENABLE_USER_SCRIPT_SANDBOXING = NO;
				GCC_C_LANGUAGE_STANDARD = gnu17;
				GCC_DYNAMIC_NO_PIC = NO;
				GCC_NO_COMMON_BLOCKS = YES;
				GCC_OPTIMIZATION_LEVEL = 0;
				GCC_PREPROCESSOR_DEFINITIONS = (
					"DEBUG=1",
					"$(inherited)",
				);
				GCC_WARN_64_TO_32_BIT_CONVERSION = YES;
				GCC_WARN_ABOUT_RETURN_TYPE = YES_ERROR;
				GCC_WARN_UNDECLARED_SELECTOR = YES;
				GCC_WARN_UNINITIALIZED_AUTOS = YES_AGGRESSIVE;
				GCC_WARN_UNUSED_FUNCTION = YES;
				GCC_WARN_UNUSED_VARIABLE = YES;
				IPHONEOS_DEPLOYMENT_TARGET = 18.0;
				LOCALIZATION_PREFERS_STRING_CATALOGS = YES;
				MTL_ENABLE_DEBUG_INFO = INCLUDE_SOURCE;
				MTL_FAST_MATH = YES;
				ONLY_ACTIVE_ARCH = YES;
				SDKROOT = iphoneos;
				SWIFT_ACTIVE_COMPILATION_CONDITIONS = "DEBUG $(inherited)";
				SWIFT_OPTIMIZATION_LEVEL = "-Onone";
			};
			name = Debug;
		};
		B97752C12CFBC3C200D0B647 /* Release */ = {
			isa = XCBuildConfiguration;
			buildSettings = {
				ALWAYS_SEARCH_USER_PATHS = NO;
				ASSETCATALOG_COMPILER_GENERATE_SWIFT_ASSET_SYMBOL_EXTENSIONS = YES;
				CLANG_ANALYZER_NONNULL = YES;
				CLANG_ANALYZER_NUMBER_OBJECT_CONVERSION = YES_AGGRESSIVE;
				CLANG_CXX_LANGUAGE_STANDARD = "gnu++20";
				CLANG_ENABLE_MODULES = YES;
				CLANG_ENABLE_OBJC_ARC = YES;
				CLANG_ENABLE_OBJC_WEAK = YES;
				CLANG_WARN_BLOCK_CAPTURE_AUTORELEASING = YES;
				CLANG_WARN_BOOL_CONVERSION = YES;
				CLANG_WARN_COMMA = YES;
				CLANG_WARN_CONSTANT_CONVERSION = YES;
				CLANG_WARN_DEPRECATED_OBJC_IMPLEMENTATIONS = YES;
				CLANG_WARN_DIRECT_OBJC_ISA_USAGE = YES_ERROR;
				CLANG_WARN_DOCUMENTATION_COMMENTS = YES;
				CLANG_WARN_EMPTY_BODY = YES;
				CLANG_WARN_ENUM_CONVERSION = YES;
				CLANG_WARN_INFINITE_RECURSION = YES;
				CLANG_WARN_INT_CONVERSION = YES;
				CLANG_WARN_NON_LITERAL_NULL_CONVERSION = YES;
				CLANG_WARN_OBJC_IMPLICIT_RETAIN_SELF = YES;
				CLANG_WARN_OBJC_LITERAL_CONVERSION = YES;
				CLANG_WARN_OBJC_ROOT_CLASS = YES_ERROR;
				CLANG_WARN_QUOTED_INCLUDE_IN_FRAMEWORK_HEADER = YES;
				CLANG_WARN_RANGE_LOOP_ANALYSIS = YES;
				CLANG_WARN_STRICT_PROTOTYPES = YES;
				CLANG_WARN_SUSPICIOUS_MOVE = YES;
				CLANG_WARN_UNGUARDED_AVAILABILITY = YES_AGGRESSIVE;
				CLANG_WARN_UNREACHABLE_CODE = YES;
				CLANG_WARN__DUPLICATE_METHOD_MATCH = YES;
				COPY_PHASE_STRIP = NO;
				DEBUG_INFORMATION_FORMAT = "dwarf-with-dsym";
				ENABLE_NS_ASSERTIONS = NO;
				ENABLE_STRICT_OBJC_MSGSEND = YES;
				ENABLE_USER_SCRIPT_SANDBOXING = NO;
				GCC_C_LANGUAGE_STANDARD = gnu17;
				GCC_NO_COMMON_BLOCKS = YES;
				GCC_WARN_64_TO_32_BIT_CONVERSION = YES;
				GCC_WARN_ABOUT_RETURN_TYPE = YES_ERROR;
				GCC_WARN_UNDECLARED_SELECTOR = YES;
				GCC_WARN_UNINITIALIZED_AUTOS = YES_AGGRESSIVE;
				GCC_WARN_UNUSED_FUNCTION = YES;
				GCC_WARN_UNUSED_VARIABLE = YES;
				IPHONEOS_DEPLOYMENT_TARGET = 18.0;
				LOCALIZATION_PREFERS_STRING_CATALOGS = YES;
				MTL_ENABLE_DEBUG_INFO = NO;
				MTL_FAST_MATH = YES;
				SDKROOT = iphoneos;
				SWIFT_COMPILATION_MODE = wholemodule;
				VALIDATE_PRODUCT = YES;
			};
			name = Release;
		};
		B97752C32CFBC3C200D0B647 /* Debug */ = {
			isa = XCBuildConfiguration;
			buildSettings = {
				BUNDLE_LOADER = "$(TEST_HOST)";
				CODE_SIGN_STYLE = Automatic;
				CURRENT_PROJECT_VERSION = 1;
				DEVELOPMENT_TEAM = 9U6357QFYJ;
				GENERATE_INFOPLIST_FILE = YES;
				IPHONEOS_DEPLOYMENT_TARGET = 18.0;
				MARKETING_VERSION = 1.0;
				PRODUCT_BUNDLE_IDENTIFIER = com.metehanbelli.ContactSafesAppTests;
				PRODUCT_NAME = "$(TARGET_NAME)";
				SWIFT_EMIT_LOC_STRINGS = NO;
				SWIFT_VERSION = 5.0;
				TARGETED_DEVICE_FAMILY = "1,2";
				TEST_HOST = "$(BUILT_PRODUCTS_DIR)/ContactSafesApp.app/$(BUNDLE_EXECUTABLE_FOLDER_PATH)/ContactSafesApp";
			};
			name = Debug;
		};
		B97752C42CFBC3C200D0B647 /* Release */ = {
			isa = XCBuildConfiguration;
			buildSettings = {
				BUNDLE_LOADER = "$(TEST_HOST)";
				CODE_SIGN_STYLE = Automatic;
				CURRENT_PROJECT_VERSION = 1;
				DEVELOPMENT_TEAM = 9U6357QFYJ;
				GENERATE_INFOPLIST_FILE = YES;
				IPHONEOS_DEPLOYMENT_TARGET = 18.0;
				MARKETING_VERSION = 1.0;
				PRODUCT_BUNDLE_IDENTIFIER = com.metehanbelli.ContactSafesAppTests;
				PRODUCT_NAME = "$(TARGET_NAME)";
				SWIFT_EMIT_LOC_STRINGS = NO;
				SWIFT_VERSION = 5.0;
				TARGETED_DEVICE_FAMILY = "1,2";
				TEST_HOST = "$(BUILT_PRODUCTS_DIR)/ContactSafesApp.app/$(BUNDLE_EXECUTABLE_FOLDER_PATH)/ContactSafesApp";
			};
			name = Release;
		};
		B97752C62CFBC3C200D0B647 /* Debug */ = {
			isa = XCBuildConfiguration;
			buildSettings = {
				CODE_SIGN_STYLE = Automatic;
				CURRENT_PROJECT_VERSION = 1;
				DEVELOPMENT_TEAM = 9U6357QFYJ;
				GENERATE_INFOPLIST_FILE = YES;
				MARKETING_VERSION = 1.0;
				PRODUCT_BUNDLE_IDENTIFIER = com.metehanbelli.ContactSafesAppUITests;
				PRODUCT_NAME = "$(TARGET_NAME)";
				SWIFT_EMIT_LOC_STRINGS = NO;
				SWIFT_VERSION = 5.0;
				TARGETED_DEVICE_FAMILY = "1,2";
				TEST_TARGET_NAME = ContactSafesApp;
			};
			name = Debug;
		};
		B97752C72CFBC3C200D0B647 /* Release */ = {
			isa = XCBuildConfiguration;
			buildSettings = {
				CODE_SIGN_STYLE = Automatic;
				CURRENT_PROJECT_VERSION = 1;
				DEVELOPMENT_TEAM = 9U6357QFYJ;
				GENERATE_INFOPLIST_FILE = YES;
				MARKETING_VERSION = 1.0;
				PRODUCT_BUNDLE_IDENTIFIER = com.metehanbelli.ContactSafesAppUITests;
				PRODUCT_NAME = "$(TARGET_NAME)";
				SWIFT_EMIT_LOC_STRINGS = NO;
				SWIFT_VERSION = 5.0;
				TARGETED_DEVICE_FAMILY = "1,2";
				TEST_TARGET_NAME = ContactSafesApp;
			};
			name = Release;
		};
/* End XCBuildConfiguration section */

/* Begin XCConfigurationList section */
		B977528F2CFBC3C100D0B647 /* Build configuration list for PBXProject "ContactSafesApp" */ = {
			isa = XCConfigurationList;
			buildConfigurations = (
				B97752C02CFBC3C200D0B647 /* Debug */,
				B97752C12CFBC3C200D0B647 /* Release */,
			);
			defaultConfigurationIsVisible = 0;
			defaultConfigurationName = Release;
		};
		B97752BD2CFBC3C200D0B647 /* Build configuration list for PBXNativeTarget "ContactSafesApp" */ = {
			isa = XCConfigurationList;
			buildConfigurations = (
				B97752BE2CFBC3C200D0B647 /* Debug */,
				B97752BF2CFBC3C200D0B647 /* Release */,
			);
			defaultConfigurationIsVisible = 0;
			defaultConfigurationName = Release;
		};
		B97752C22CFBC3C200D0B647 /* Build configuration list for PBXNativeTarget "ContactSafesAppTests" */ = {
			isa = XCConfigurationList;
			buildConfigurations = (
				B97752C32CFBC3C200D0B647 /* Debug */,
				B97752C42CFBC3C200D0B647 /* Release */,
			);
			defaultConfigurationIsVisible = 0;
			defaultConfigurationName = Release;
		};
		B97752C52CFBC3C200D0B647 /* Build configuration list for PBXNativeTarget "ContactSafesAppUITests" */ = {
			isa = XCConfigurationList;
			buildConfigurations = (
				B97752C62CFBC3C200D0B647 /* Debug */,
				B97752C72CFBC3C200D0B647 /* Release */,
			);
			defaultConfigurationIsVisible = 0;
			defaultConfigurationName = Release;
		};
/* End XCConfigurationList section */

/* Begin XCRemoteSwiftPackageReference section */
		B97752CA2CFBC4F000D0B647 /* XCRemoteSwiftPackageReference "SnapKit" */ = {
			isa = XCRemoteSwiftPackageReference;
			repositoryURL = "https://github.com/SnapKit/SnapKit.git";
			requirement = {
				kind = upToNextMajorVersion;
				minimumVersion = 5.7.1;
			};
		};
		B97752CD2CFBC50200D0B647 /* XCRemoteSwiftPackageReference "Swinject" */ = {
			isa = XCRemoteSwiftPackageReference;
			repositoryURL = "https://github.com/Swinject/Swinject";
			requirement = {
				kind = upToNextMajorVersion;
				minimumVersion = 2.9.1;
			};
		};
		B97752D02CFBC51100D0B647 /* XCRemoteSwiftPackageReference "Kingfisher" */ = {
			isa = XCRemoteSwiftPackageReference;
			repositoryURL = "https://github.com/onevcat/Kingfisher";
			requirement = {
				kind = upToNextMajorVersion;
				minimumVersion = 8.1.1;
			};
		};
		B97752D32CFBC52B00D0B647 /* XCRemoteSwiftPackageReference "SwiftLint" */ = {
			isa = XCRemoteSwiftPackageReference;
			repositoryURL = "https://github.com/realm/SwiftLint";
			requirement = {
				kind = upToNextMajorVersion;
				minimumVersion = 0.57.1;
			};
		};
		B97752D62CFBC55E00D0B647 /* XCRemoteSwiftPackageReference "realm-swift" */ = {
			isa = XCRemoteSwiftPackageReference;
			repositoryURL = "https://github.com/realm/realm-swift";
			requirement = {
				branch = master;
				kind = branch;
			};
		};
/* End XCRemoteSwiftPackageReference section */

/* Begin XCSwiftPackageProductDependency section */
		B97752CB2CFBC4F000D0B647 /* SnapKit */ = {
			isa = XCSwiftPackageProductDependency;
			package = B97752CA2CFBC4F000D0B647 /* XCRemoteSwiftPackageReference "SnapKit" */;
			productName = SnapKit;
		};
		B97752CE2CFBC50200D0B647 /* Swinject */ = {
			isa = XCSwiftPackageProductDependency;
			package = B97752CD2CFBC50200D0B647 /* XCRemoteSwiftPackageReference "Swinject" */;
			productName = Swinject;
		};
		B97752D12CFBC51100D0B647 /* Kingfisher */ = {
			isa = XCSwiftPackageProductDependency;
			package = B97752D02CFBC51100D0B647 /* XCRemoteSwiftPackageReference "Kingfisher" */;
			productName = Kingfisher;
		};
		B97752D72CFBC55E00D0B647 /* Realm */ = {
			isa = XCSwiftPackageProductDependency;
			package = B97752D62CFBC55E00D0B647 /* XCRemoteSwiftPackageReference "realm-swift" */;
			productName = Realm;
		};
/* End XCSwiftPackageProductDependency section */
	};
	rootObject = B977528C2CFBC3C100D0B647 /* Project object */;
}
